
Microsoft Visual Studio Solution File, Format Version 12.00
# Visual Studio Version 17
VisualStudioVersion = 17.5.002.0
MinimumVisualStudioVersion = 10.0.40219.1
Project("{9A19103F-16F7-4668-BE54-9A1E7A4F7556}") = "FitnesClanstvo", "FitnesClanstvo.csproj", "{BD83C441-212C-4C8B-A4FB-D24E6A75BCFF}"
EndProject
Global
	GlobalSection(SolutionConfigurationPlatforms) = preSolution
		Debug|Any CPU = Debug|Any CPU
		Release|Any CPU = Release|Any CPU
	EndGlobalSection
	GlobalSection(ProjectConfigurationPlatforms) = postSolution
		{BD83C441-212C-4C8B-A4FB-D24E6A75BCFF}.Debug|Any CPU.ActiveCfg = Debug|Any CPU
		{BD83C441-212C-4C8B-A4FB-D24E6A75BCFF}.Debug|Any CPU.Build.0 = Debug|Any CPU
		{BD83C441-212C-4C8B-A4FB-D24E6A75BCFF}.Release|Any CPU.ActiveCfg = Release|Any CPU
		{BD83C441-212C-4C8B-A4FB-D24E6A75BCFF}.Release|Any CPU.Build.0 = Release|Any CPU
	EndGlobalSection
	GlobalSection(SolutionProperties) = preSolution
		HideSolutionNode = FALSE
	EndGlobalSection
	GlobalSection(ExtensibilityGlobals) = postSolution
		SolutionGuid = {F01D2BB2-20C6-44D5-8C63-F2312695531F}
	EndGlobalSection
EndGlobal
